
Microsoft Visual Studio Solution File, Format Version 12.00
# Visual Studio Version 17
VisualStudioVersion = 17.13.35931.197 d17.13
MinimumVisualStudioVersion = 10.0.40219.1
Project("{8BC9CEB8-8B4A-11D0-8D11-00A0C91BC942}") = "MT3_01_00", "MT3_01_00.vcxproj", "{26AE8A7E-D358-4438-9543-33728B5C25C3}"
EndProject
Global
	GlobalSection(SolutionConfigurationPlatforms) = preSolution
		Debug|x64 = Debug|x64
		Release|x64 = Release|x64
	EndGlobalSection
	GlobalSection(ProjectConfigurationPlatforms) = postSolution
		{26AE8A7E-D358-4438-9543-33728B5C25C3}.Debug|x64.ActiveCfg = Debug|x64
		{26AE8A7E-D358-4438-9543-33728B5C25C3}.Debug|x64.Build.0 = Debug|x64
		{26AE8A7E-D358-4438-9543-33728B5C25C3}.Release|x64.ActiveCfg = Release|x64
		{26AE8A7E-D358-4438-9543-33728B5C25C3}.Release|x64.Build.0 = Release|x64
	EndGlobalSection
	GlobalSection(SolutionProperties) = preSolution
		HideSolutionNode = FALSE
	EndGlobalSection
	GlobalSection(ExtensibilityGlobals) = postSolution
		SolutionGuid = {CB69DC7C-82B6-4315-A7E5-51242C0DC23B}
	EndGlobalSection
EndGlobal
